
Microsoft Visual Studio Solution File, Format Version 12.00
# Visual Studio 15
VisualStudioVersion = 15.0.27428.2015
MinimumVisualStudioVersion = 10.0.40219.1
Project("{FAE04EC0-301F-11D3-BF4B-00C04F79EFBC}") = "FluentValidationWithWPF", "FluentValidationWithWPF.csproj", "{3752E709-B0E4-422D-A292-486F82FD7F0D}"
EndProject
Global
	GlobalSection(SolutionConfigurationPlatforms) = preSolution
		Debug|Any CPU = Debug|Any CPU
		Release|Any CPU = Release|Any CPU
	EndGlobalSection
	GlobalSection(ProjectConfigurationPlatforms) = postSolution
		{3752E709-B0E4-422D-A292-486F82FD7F0D}.Debug|Any CPU.ActiveCfg = Debug|Any CPU
		{3752E709-B0E4-422D-A292-486F82FD7F0D}.Debug|Any CPU.Build.0 = Debug|Any CPU
		{3752E709-B0E4-422D-A292-486F82FD7F0D}.Release|Any CPU.ActiveCfg = Release|Any CPU
		{3752E709-B0E4-422D-A292-486F82FD7F0D}.Release|Any CPU.Build.0 = Release|Any CPU
	EndGlobalSection
	GlobalSection(SolutionProperties) = preSolution
		HideSolutionNode = FALSE
	EndGlobalSection
	GlobalSection(ExtensibilityGlobals) = postSolution
		SolutionGuid = {FD22A855-03D3-448E-9205-6D0CBDD8BA36}
	EndGlobalSection
EndGlobal
